
Microsoft Visual Studio Solution File, Format Version 12.00
# Visual Studio 15
VisualStudioVersion = 15.0.28307.1169
MinimumVisualStudioVersion = 10.0.40219.1
Project("{FAE04EC0-301F-11D3-BF4B-00C04F79EFBC}") = "WebApiApp", "WebApiApp\WebApiApp.csproj", "{B3D0C55E-4E60-41A4-B67B-3B5768906342}"
EndProject
Global
	GlobalSection(SolutionConfigurationPlatforms) = preSolution
		Debug|Any CPU = Debug|Any CPU
		Release|Any CPU = Release|Any CPU
	EndGlobalSection
	GlobalSection(ProjectConfigurationPlatforms) = postSolution
		{B3D0C55E-4E60-41A4-B67B-3B5768906342}.Debug|Any CPU.ActiveCfg = Debug|Any CPU
		{B3D0C55E-4E60-41A4-B67B-3B5768906342}.Debug|Any CPU.Build.0 = Debug|Any CPU
		{B3D0C55E-4E60-41A4-B67B-3B5768906342}.Release|Any CPU.ActiveCfg = Release|Any CPU
		{B3D0C55E-4E60-41A4-B67B-3B5768906342}.Release|Any CPU.Build.0 = Release|Any CPU
	EndGlobalSection
	GlobalSection(SolutionProperties) = preSolution
		HideSolutionNode = FALSE
	EndGlobalSection
	GlobalSection(ExtensibilityGlobals) = postSolution
		SolutionGuid = {223DE308-2F82-4D63-BED5-5388EF881F1C}
	EndGlobalSection
EndGlobal
